Microsoft Visual Studio Solution File, Format Version 12.00
# Visual Studio 2012
Project("{FAE04EC0-301F-11D3-BF4B-00C04F79EFBC}") = "Ludum Dare 48", "Ludum Dare 48.csproj", "{F53C5E62-5FF5-4AA2-847D-13267C4810B8}"
EndProject
Global
	GlobalSection(SolutionConfigurationPlatforms) = preSolution
	Debug|Any CPU = Debug|Any CPU
	ExportDebug|Any CPU = ExportDebug|Any CPU
	ExportRelease|Any CPU = ExportRelease|Any CPU
	EndGlobalSection
	GlobalSection(ProjectConfigurationPlatforms) = postSolution
		{F53C5E62-5FF5-4AA2-847D-13267C4810B8}.Debug|Any CPU.ActiveCfg = Debug|Any CPU
		{F53C5E62-5FF5-4AA2-847D-13267C4810B8}.Debug|Any CPU.Build.0 = Debug|Any CPU
		{F53C5E62-5FF5-4AA2-847D-13267C4810B8}.ExportDebug|Any CPU.ActiveCfg = ExportDebug|Any CPU
		{F53C5E62-5FF5-4AA2-847D-13267C4810B8}.ExportDebug|Any CPU.Build.0 = ExportDebug|Any CPU
		{F53C5E62-5FF5-4AA2-847D-13267C4810B8}.ExportRelease|Any CPU.ActiveCfg = ExportRelease|Any CPU
		{F53C5E62-5FF5-4AA2-847D-13267C4810B8}.ExportRelease|Any CPU.Build.0 = ExportRelease|Any CPU
	EndGlobalSection
EndGlobal
